
Microsoft Visual Studio Solution File, Format Version 12.00
# Visual Studio Version 16
VisualStudioVersion = 16.0.30717.126
MinimumVisualStudioVersion = 10.0.40219.1
Project("{2150E333-8FDC-42A3-9474-1A3956D46DE8}") = "Server", "Server", "{79DFE06F-29B3-465E-91A7-3E2BE59DA7E6}"
EndProject
Project("{9A19103F-16F7-4668-BE54-9A1E7A4F7556}") = "TicketsBasket.Models", "TicketsBasket.Models\TicketsBasket.Models.csproj", "{1D136007-BB3D-49E3-9F06-BFB4C5D53FF7}"
EndProject
Project("{9A19103F-16F7-4668-BE54-9A1E7A4F7556}") = "TicketsBasket.Api", "TicketsBasket.Api\TicketsBasket.Api.csproj", "{B342C087-DB4E-4C42-A40C-C4E6A7570176}"
EndProject
Project("{2150E333-8FDC-42A3-9474-1A3956D46DE8}") = "Client", "Client", "{C73294AF-93F4-4B6C-8E5E-23A7C51D9266}"
EndProject
Project("{9A19103F-16F7-4668-BE54-9A1E7A4F7556}") = "TicketsBasket", "TicketsBasket.Blazor\TicketsBasket.csproj", "{EAF4755C-3B72-41F0-8B4B-5DB4D6F4679F}"
EndProject
Project("{9A19103F-16F7-4668-BE54-9A1E7A4F7556}") = "TicketsBasket.Repositories", "TicketsBasket.Repositories\TicketsBasket.Repositories.csproj", "{3D148BCC-D036-416E-9B56-EF3DA07B460F}"
EndProject
Project("{9A19103F-16F7-4668-BE54-9A1E7A4F7556}") = "TicketsBasket.Services", "TicketsBasket.Services\TicketsBasket.Services.csproj", "{7D6945FC-F59D-4540-8D37-4A6742AB60FC}"
EndProject
Project("{9A19103F-16F7-4668-BE54-9A1E7A4F7556}") = "TicketsBasket.Shared", "TicketsBasket.Shared\TicketsBasket.Shared.csproj", "{F3418F7F-9266-457E-A42C-24D584063794}"
EndProject
Project("{FAE04EC0-301F-11D3-BF4B-00C04F79EFBC}") = "TicketsBasket.Infrastructure", "TicketsBasket.Infrastructure\TicketsBasket.Infrastructure.csproj", "{BFE1BAE4-73BF-4C64-8515-9DAF35B2D04D}"
EndProject
Global
	GlobalSection(SolutionConfigurationPlatforms) = preSolution
		Debug|Any CPU = Debug|Any CPU
		Release|Any CPU = Release|Any CPU
	EndGlobalSection
	GlobalSection(ProjectConfigurationPlatforms) = postSolution
		{1D136007-BB3D-49E3-9F06-BFB4C5D53FF7}.Debug|Any CPU.ActiveCfg = Debug|Any CPU
		{1D136007-BB3D-49E3-9F06-BFB4C5D53FF7}.Debug|Any CPU.Build.0 = Debug|Any CPU
		{1D136007-BB3D-49E3-9F06-BFB4C5D53FF7}.Release|Any CPU.ActiveCfg = Release|Any CPU
		{1D136007-BB3D-49E3-9F06-BFB4C5D53FF7}.Release|Any CPU.Build.0 = Release|Any CPU
		{B342C087-DB4E-4C42-A40C-C4E6A7570176}.Debug|Any CPU.ActiveCfg = Debug|Any CPU
		{B342C087-DB4E-4C42-A40C-C4E6A7570176}.Debug|Any CPU.Build.0 = Debug|Any CPU
		{B342C087-DB4E-4C42-A40C-C4E6A7570176}.Release|Any CPU.ActiveCfg = Release|Any CPU
		{B342C087-DB4E-4C42-A40C-C4E6A7570176}.Release|Any CPU.Build.0 = Release|Any CPU
		{EAF4755C-3B72-41F0-8B4B-5DB4D6F4679F}.Debug|Any CPU.ActiveCfg = Debug|Any CPU
		{EAF4755C-3B72-41F0-8B4B-5DB4D6F4679F}.Debug|Any CPU.Build.0 = Debug|Any CPU
		{EAF4755C-3B72-41F0-8B4B-5DB4D6F4679F}.Release|Any CPU.ActiveCfg = Release|Any CPU
		{EAF4755C-3B72-41F0-8B4B-5DB4D6F4679F}.Release|Any CPU.Build.0 = Release|Any CPU
		{3D148BCC-D036-416E-9B56-EF3DA07B460F}.Debug|Any CPU.ActiveCfg = Debug|Any CPU
		{3D148BCC-D036-416E-9B56-EF3DA07B460F}.Debug|Any CPU.Build.0 = Debug|Any CPU
		{3D148BCC-D036-416E-9B56-EF3DA07B460F}.Release|Any CPU.ActiveCfg = Release|Any CPU
		{3D148BCC-D036-416E-9B56-EF3DA07B460F}.Release|Any CPU.Build.0 = Release|Any CPU
		{7D6945FC-F59D-4540-8D37-4A6742AB60FC}.Debug|Any CPU.ActiveCfg = Debug|Any CPU
		{7D6945FC-F59D-4540-8D37-4A6742AB60FC}.Debug|Any CPU.Build.0 = Debug|Any CPU
		{7D6945FC-F59D-4540-8D37-4A6742AB60FC}.Release|Any CPU.ActiveCfg = Release|Any CPU
		{7D6945FC-F59D-4540-8D37-4A6742AB60FC}.Release|Any CPU.Build.0 = Release|Any CPU
		{F3418F7F-9266-457E-A42C-24D584063794}.Debug|Any CPU.ActiveCfg = Debug|Any CPU
		{F3418F7F-9266-457E-A42C-24D584063794}.Debug|Any CPU.Build.0 = Debug|Any CPU
		{F3418F7F-9266-457E-A42C-24D584063794}.Release|Any CPU.ActiveCfg = Release|Any CPU
		{F3418F7F-9266-457E-A42C-24D584063794}.Release|Any CPU.Build.0 = Release|Any CPU
		{BFE1BAE4-73BF-4C64-8515-9DAF35B2D04D}.Debug|Any CPU.ActiveCfg = Debug|Any CPU
		{BFE1BAE4-73BF-4C64-8515-9DAF35B2D04D}.Debug|Any CPU.Build.0 = Debug|Any CPU
		{BFE1BAE4-73BF-4C64-8515-9DAF35B2D04D}.Release|Any CPU.ActiveCfg = Release|Any CPU
		{BFE1BAE4-73BF-4C64-8515-9DAF35B2D04D}.Release|Any CPU.Build.0 = Release|Any CPU
	EndGlobalSection
	GlobalSection(SolutionProperties) = preSolution
		HideSolutionNode = FALSE
	EndGlobalSection
	GlobalSection(NestedProjects) = preSolution
		{1D136007-BB3D-49E3-9F06-BFB4C5D53FF7} = {79DFE06F-29B3-465E-91A7-3E2BE59DA7E6}
		{B342C087-DB4E-4C42-A40C-C4E6A7570176} = {79DFE06F-29B3-465E-91A7-3E2BE59DA7E6}
		{EAF4755C-3B72-41F0-8B4B-5DB4D6F4679F} = {C73294AF-93F4-4B6C-8E5E-23A7C51D9266}
		{3D148BCC-D036-416E-9B56-EF3DA07B460F} = {79DFE06F-29B3-465E-91A7-3E2BE59DA7E6}
		{7D6945FC-F59D-4540-8D37-4A6742AB60FC} = {79DFE06F-29B3-465E-91A7-3E2BE59DA7E6}
		{F3418F7F-9266-457E-A42C-24D584063794} = {79DFE06F-29B3-465E-91A7-3E2BE59DA7E6}
		{BFE1BAE4-73BF-4C64-8515-9DAF35B2D04D} = {79DFE06F-29B3-465E-91A7-3E2BE59DA7E6}
	EndGlobalSection
	GlobalSection(ExtensibilityGlobals) = postSolution
		SolutionGuid = {F03B5F7B-8790-452D-9489-DF797A189A75}
	EndGlobalSection
EndGlobal
